{
  "nodes": {
    "nix-darwin": {
      "inputs": {
        "nixpkgs": [
          "nixpkgs"
        ]
      },
      "locked": {
        "lastModified": 1729579044,
        "narHash": "sha256-0kEUVl5s8LHbK4/xEePflsdYVwG+RRFSIofSvITYmIU=",
        "owner": "LnL7",
        "repo": "nix-darwin",
        "rev": "64d9d1ae25215c274c37e3e4016977a6779cf0d3",
        "type": "github"
      },
      "original": {
        "owner": "LnL7",
        "repo": "nix-darwin",
        "type": "github"
      }
    },
    "nixpkgs": {
      "locked": {
        "lastModified": 1729428082,
        "narHash": "sha256-xb4/Y+Y7ZlkQaA5rXnrXplDzdt2Jfgdmar3+qkb56UA=",
        "owner": "NixOS",
        "repo": "nixpkgs",
        "rev": "ca30f584e18024baf39c395001262ed936f27ebd",
        "type": "github"
      },
      "original": {
        "owner": "NixOS",
        "ref": "nixpkgs-unstable",
        "repo": "nixpkgs",
        "type": "github"
      }
    },
    "root": {
      "inputs": {
        "nix-darwin": "nix-darwin",
        "nixpkgs": "nixpkgs"
      }
    }
  },
  "root": "root",
  "version": 7
}
